
Microsoft Visual Studio Solution File, Format Version 12.00
# Visual Studio Version 16
VisualStudioVersion = 16.0.30320.27
MinimumVisualStudioVersion = 10.0.40219.1
Project("{FAE04EC0-301F-11D3-BF4B-00C04F79EFBC}") = "PixelSenseToTouch", "PixelSenseToTouchTray\PixelSenseToTouch.csproj", "{60EE18C8-8474-4DBF-AD3A-4CBF25E9AD80}"
EndProject
Project("{FAE04EC0-301F-11D3-BF4B-00C04F79EFBC}") = "PixelSenseToTouchLib", "PixelSenseToTouchLib\PixelSenseToTouchLib.csproj", "{111C83F5-A870-4CC9-AB05-269CDE11A9BD}"
EndProject
Global
	GlobalSection(SolutionConfigurationPlatforms) = preSolution
		Debug|Any CPU = Debug|Any CPU
		Release|Any CPU = Release|Any CPU
	EndGlobalSection
	GlobalSection(ProjectConfigurationPlatforms) = postSolution
		{60EE18C8-8474-4DBF-AD3A-4CBF25E9AD80}.Debug|Any CPU.ActiveCfg = Debug|Any CPU
		{60EE18C8-8474-4DBF-AD3A-4CBF25E9AD80}.Debug|Any CPU.Build.0 = Debug|Any CPU
		{60EE18C8-8474-4DBF-AD3A-4CBF25E9AD80}.Release|Any CPU.ActiveCfg = Release|Any CPU
		{60EE18C8-8474-4DBF-AD3A-4CBF25E9AD80}.Release|Any CPU.Build.0 = Release|Any CPU
		{111C83F5-A870-4CC9-AB05-269CDE11A9BD}.Debug|Any CPU.ActiveCfg = Debug|Any CPU
		{111C83F5-A870-4CC9-AB05-269CDE11A9BD}.Debug|Any CPU.Build.0 = Debug|Any CPU
		{111C83F5-A870-4CC9-AB05-269CDE11A9BD}.Release|Any CPU.ActiveCfg = Release|Any CPU
		{111C83F5-A870-4CC9-AB05-269CDE11A9BD}.Release|Any CPU.Build.0 = Release|Any CPU
	EndGlobalSection
	GlobalSection(SolutionProperties) = preSolution
		HideSolutionNode = FALSE
	EndGlobalSection
	GlobalSection(ExtensibilityGlobals) = postSolution
		SolutionGuid = {5BEB0532-F786-431E-8A54-B011AB5EFB0E}
	EndGlobalSection
EndGlobal
